{
  "nodes": {
    "kernel": {
      "flake": false,
      "locked": {
        "lastModified": 1766596984,
        "narHash": "sha256-0O/K8kDAoKXI4giyFOYfsdX7ijvdjSKmHD0Ogi12mHY=",
        "owner": "torvalds",
        "repo": "linux",
        "rev": "ccd1cdca5cd433c8a5dff78b69a79b31d9b77ee1",
        "type": "github"
      },
      "original": {
        "owner": "torvalds",
        "repo": "linux",
        "type": "github"
      }
    },
    "nixpkgs": {
      "locked": {
        "lastModified": 1765472234,
        "narHash": "sha256-9VvC20PJPsleGMewwcWYKGzDIyjckEz8uWmT0vCDYK0=",
        "owner": "nixos",
        "repo": "nixpkgs",
        "rev": "2fbfb1d73d239d2402a8fe03963e37aab15abe8b",
        "type": "github"
      },
      "original": {
        "owner": "nixos",
        "ref": "nixos-unstable",
        "repo": "nixpkgs",
        "type": "github"
      }
    },
    "root": {
      "inputs": {
        "kernel": "kernel",
        "nixpkgs": "nixpkgs"
      }
    }
  },
  "root": "root",
  "version": 7
}
